// !$*UTF8*$!
{
	archiveVersion = 1;
	classes = {
	};
	objectVersion = 56;
	objects = {

/* Begin PBXBuildFile section */
		EBE54D5C2BF6BF3000D0C696 /* AppDelegate.swift in Sources */ = {isa = PBXBuildFile; fileRef = EBE54D5B2BF6BF3000D0C696 /* AppDelegate.swift */; };
		EBE54D602BF6BF3000D0C696 /* ListViewController.swift in Sources */ = {isa = PBXBuildFile; fileRef = EBE54D5F2BF6BF3000D0C696 /* ListViewController.swift */; };
		EBE54D652BF6BF3100D0C696 /* Assets.xcassets in Resources */ = {isa = PBXBuildFile; fileRef = EBE54D642BF6BF3100D0C696 /* Assets.xcassets */; };
		EBE54D682BF6BF3100D0C696 /* LaunchScreen.storyboard in Resources */ = {isa = PBXBuildFile; fileRef = EBE54D662BF6BF3100D0C696 /* LaunchScreen.storyboard */; };
		EBE54D712BF6BFCE00D0C696 /* SnapKit in Frameworks */ = {isa = PBXBuildFile; productRef = EBE54D702BF6BFCE00D0C696 /* SnapKit */; };
		EBE54D752BF6C1B300D0C696 /* ListView.swift in Sources */ = {isa = PBXBuildFile; fileRef = EBE54D742BF6C1B300D0C696 /* ListView.swift */; };
		EBE54D792BF6C42800D0C696 /* UIView+Extensions.swift in Sources */ = {isa = PBXBuildFile; fileRef = EBE54D782BF6C42800D0C696 /* UIView+Extensions.swift */; };
/* End PBXBuildFile section */

/* Begin PBXFileReference section */
		EBE54D582BF6BF3000D0C696 /* Moviedex.app */ = {isa = PBXFileReference; explicitFileType = wrapper.application; includeInIndex = 0; path = Moviedex.app; sourceTree = BUILT_PRODUCTS_DIR; };
		EBE54D5B2BF6BF3000D0C696 /* AppDelegate.swift */ = {isa = PBXFileReference; lastKnownFileType = sourcecode.swift; path = AppDelegate.swift; sourceTree = "<group>"; };
		EBE54D5F2BF6BF3000D0C696 /* ListViewController.swift */ = {isa = PBXFileReference; lastKnownFileType = sourcecode.swift; path = ListViewController.swift; sourceTree = "<group>"; };
		EBE54D642BF6BF3100D0C696 /* Assets.xcassets */ = {isa = PBXFileReference; lastKnownFileType = folder.assetcatalog; path = Assets.xcassets; sourceTree = "<group>"; };
		EBE54D672BF6BF3100D0C696 /* Base */ = {isa = PBXFileReference; lastKnownFileType = file.storyboard; name = Base; path = Base.lproj/LaunchScreen.storyboard; sourceTree = "<group>"; };
		EBE54D692BF6BF3100D0C696 /* Info.plist */ = {isa = PBXFileReference; lastKnownFileType = text.plist.xml; path = Info.plist; sourceTree = "<group>"; };
		EBE54D742BF6C1B300D0C696 /* ListView.swift */ = {isa = PBXFileReference; lastKnownFileType = sourcecode.swift; path = ListView.swift; sourceTree = "<group>"; };
		EBE54D782BF6C42800D0C696 /* UIView+Extensions.swift */ = {isa = PBXFileReference; lastKnownFileType = sourcecode.swift; path = "UIView+Extensions.swift"; sourceTree = "<group>"; };
/* End PBXFileReference section */

/* Begin PBXFrameworksBuildPhase section */
		EBE54D552BF6BF3000D0C696 /* Frameworks */ = {
			isa = PBXFrameworksBuildPhase;
			buildActionMask = 2147483647;
			files = (
				EBE54D712BF6BFCE00D0C696 /* SnapKit in Frameworks */,
			);
			runOnlyForDeploymentPostprocessing = 0;
		};
/* End PBXFrameworksBuildPhase section */

/* Begin PBXGroup section */
		EBE54D4F2BF6BF3000D0C696 = {
			isa = PBXGroup;
			children = (
				EBE54D5A2BF6BF3000D0C696 /* Moviedex */,
				EBE54D592BF6BF3000D0C696 /* Products */,
			);
			sourceTree = "<group>";
		};
		EBE54D592BF6BF3000D0C696 /* Products */ = {
			isa = PBXGroup;
			children = (
				EBE54D582BF6BF3000D0C696 /* Moviedex.app */,
			);
			name = Products;
			sourceTree = "<group>";
		};
		EBE54D5A2BF6BF3000D0C696 /* Moviedex */ = {
			isa = PBXGroup;
			children = (
				EBE54D762BF6C40E00D0C696 /* Utils */,
				EBE54D722BF6C19500D0C696 /* Views */,
				EBE54D5B2BF6BF3000D0C696 /* AppDelegate.swift */,
				EBE54D642BF6BF3100D0C696 /* Assets.xcassets */,
				EBE54D662BF6BF3100D0C696 /* LaunchScreen.storyboard */,
				EBE54D692BF6BF3100D0C696 /* Info.plist */,
			);
			path = Moviedex;
			sourceTree = "<group>";
		};
		EBE54D722BF6C19500D0C696 /* Views */ = {
			isa = PBXGroup;
			children = (
				EBE54D732BF6C1A300D0C696 /* List */,
			);
			path = Views;
			sourceTree = "<group>";
		};
		EBE54D732BF6C1A300D0C696 /* List */ = {
			isa = PBXGroup;
			children = (
				EBE54D5F2BF6BF3000D0C696 /* ListViewController.swift */,
				EBE54D742BF6C1B300D0C696 /* ListView.swift */,
			);
			path = List;
			sourceTree = "<group>";
		};
		EBE54D762BF6C40E00D0C696 /* Utils */ = {
			isa = PBXGroup;
			children = (
				EBE54D772BF6C41800D0C696 /* Extensions */,
			);
			path = Utils;
			sourceTree = "<group>";
		};
		EBE54D772BF6C41800D0C696 /* Extensions */ = {
			isa = PBXGroup;
			children = (
				EBE54D782BF6C42800D0C696 /* UIView+Extensions.swift */,
			);
			path = Extensions;
			sourceTree = "<group>";
		};
/* End PBXGroup section */

/* Begin PBXNativeTarget section */
		EBE54D572BF6BF3000D0C696 /* Moviedex */ = {
			isa = PBXNativeTarget;
			buildConfigurationList = EBE54D6C2BF6BF3100D0C696 /* Build configuration list for PBXNativeTarget "Moviedex" */;
			buildPhases = (
				EBE54D542BF6BF3000D0C696 /* Sources */,
				EBE54D552BF6BF3000D0C696 /* Frameworks */,
				EBE54D562BF6BF3000D0C696 /* Resources */,
			);
			buildRules = (
			);
			dependencies = (
			);
			name = Moviedex;
			packageProductDependencies = (
				EBE54D702BF6BFCE00D0C696 /* SnapKit */,
			);
			productName = Moviedex;
			productReference = EBE54D582BF6BF3000D0C696 /* Moviedex.app */;
			productType = "com.apple.product-type.application";
		};
/* End PBXNativeTarget section */

/* Begin PBXProject section */
		EBE54D502BF6BF3000D0C696 /* Project object */ = {
			isa = PBXProject;
			attributes = {
				BuildIndependentTargetsInParallel = 1;
				LastSwiftUpdateCheck = 1430;
				LastUpgradeCheck = 1430;
				TargetAttributes = {
					EBE54D572BF6BF3000D0C696 = {
						CreatedOnToolsVersion = 14.3.1;
					};
				};
			};
			buildConfigurationList = EBE54D532BF6BF3000D0C696 /* Build configuration list for PBXProject "Moviedex" */;
			compatibilityVersion = "Xcode 14.0";
			developmentRegion = en;
			hasScannedForEncodings = 0;
			knownRegions = (
				en,
				Base,
			);
			mainGroup = EBE54D4F2BF6BF3000D0C696;
			packageReferences = (
				EBE54D6F2BF6BFCE00D0C696 /* XCRemoteSwiftPackageReference "SnapKit" */,
			);
			productRefGroup = EBE54D592BF6BF3000D0C696 /* Products */;
			projectDirPath = "";
			projectRoot = "";
			targets = (
				EBE54D572BF6BF3000D0C696 /* Moviedex */,
			);
		};
/* End PBXProject section */

/* Begin PBXResourcesBuildPhase section */
		EBE54D562BF6BF3000D0C696 /* Resources */ = {
			isa = PBXResourcesBuildPhase;
			buildActionMask = 2147483647;
			files = (
				EBE54D682BF6BF3100D0C696 /* LaunchScreen.storyboard in Resources */,
				EBE54D652BF6BF3100D0C696 /* Assets.xcassets in Resources */,
			);
			runOnlyForDeploymentPostprocessing = 0;
		};
/* End PBXResourcesBuildPhase section */

/* Begin PBXSourcesBuildPhase section */
		EBE54D542BF6BF3000D0C696 /* Sources */ = {
			isa = PBXSourcesBuildPhase;
			buildActionMask = 2147483647;
			files = (
				EBE54D602BF6BF3000D0C696 /* ListViewController.swift in Sources */,
				EBE54D5C2BF6BF3000D0C696 /* AppDelegate.swift in Sources */,
				EBE54D792BF6C42800D0C696 /* UIView+Extensions.swift in Sources */,
				EBE54D752BF6C1B300D0C696 /* ListView.swift in Sources */,
			);
			runOnlyForDeploymentPostprocessing = 0;
		};
/* End PBXSourcesBuildPhase section */

/* Begin PBXVariantGroup section */
		EBE54D662BF6BF3100D0C696 /* LaunchScreen.storyboard */ = {
			isa = PBXVariantGroup;
			children = (
				EBE54D672BF6BF3100D0C696 /* Base */,
			);
			name = LaunchScreen.storyboard;
			sourceTree = "<group>";
		};
/* End PBXVariantGroup section */

/* Begin XCBuildConfiguration section */
		EBE54D6A2BF6BF3100D0C696 /* Debug */ = {
			isa = XCBuildConfiguration;
			buildSettings = {
				ALWAYS_SEARCH_USER_PATHS = NO;
				CLANG_ANALYZER_NONNULL = YES;
				CLANG_ANALYZER_NUMBER_OBJECT_CONVERSION = YES_AGGRESSIVE;
				CLANG_CXX_LANGUAGE_STANDARD = "gnu++20";
				CLANG_ENABLE_MODULES = YES;
				CLANG_ENABLE_OBJC_ARC = YES;
				CLANG_ENABLE_OBJC_WEAK = YES;
				CLANG_WARN_BLOCK_CAPTURE_AUTORELEASING = YES;
				CLANG_WARN_BOOL_CONVERSION = YES;
				CLANG_WARN_COMMA = YES;
				CLANG_WARN_CONSTANT_CONVERSION = YES;
				CLANG_WARN_DEPRECATED_OBJC_IMPLEMENTATIONS = YES;
				CLANG_WARN_DIRECT_OBJC_ISA_USAGE = YES_ERROR;
				CLANG_WARN_DOCUMENTATION_COMMENTS = YES;
				CLANG_WARN_EMPTY_BODY = YES;
				CLANG_WARN_ENUM_CONVERSION = YES;
				CLANG_WARN_INFINITE_RECURSION = YES;
				CLANG_WARN_INT_CONVERSION = YES;
				CLANG_WARN_NON_LITERAL_NULL_CONVERSION = YES;
				CLANG_WARN_OBJC_IMPLICIT_RETAIN_SELF = YES;
				CLANG_WARN_OBJC_LITERAL_CONVERSION = YES;
				CLANG_WARN_OBJC_ROOT_CLASS = YES_ERROR;
				CLANG_WARN_QUOTED_INCLUDE_IN_FRAMEWORK_HEADER = YES;
				CLANG_WARN_RANGE_LOOP_ANALYSIS = YES;
				CLANG_WARN_STRICT_PROTOTYPES = YES;
				CLANG_WARN_SUSPICIOUS_MOVE = YES;
				CLANG_WARN_UNGUARDED_AVAILABILITY = YES_AGGRESSIVE;
				CLANG_WARN_UNREACHABLE_CODE = YES;
				CLANG_WARN__DUPLICATE_METHOD_MATCH = YES;
				COPY_PHASE_STRIP = NO;
				DEBUG_INFORMATION_FORMAT = dwarf;
				ENABLE_STRICT_OBJC_MSGSEND = YES;
				ENABLE_TESTABILITY = YES;
				GCC_C_LANGUAGE_STANDARD = gnu11;
				GCC_DYNAMIC_NO_PIC = NO;
				GCC_NO_COMMON_BLOCKS = YES;
				GCC_OPTIMIZATION_LEVEL = 0;
				GCC_PREPROCESSOR_DEFINITIONS = (
					"DEBUG=1",
					"$(inherited)",
				);
				GCC_WARN_64_TO_32_BIT_CONVERSION = YES;
				GCC_WARN_ABOUT_RETURN_TYPE = YES_ERROR;
				GCC_WARN_UNDECLARED_SELECTOR = YES;
				GCC_WARN_UNINITIALIZED_AUTOS = YES_AGGRESSIVE;
				GCC_WARN_UNUSED_FUNCTION = YES;
				GCC_WARN_UNUSED_VARIABLE = YES;
				IPHONEOS_DEPLOYMENT_TARGET = 11.0;
				MTL_ENABLE_DEBUG_INFO = INCLUDE_SOURCE;
				MTL_FAST_MATH = YES;
				ONLY_ACTIVE_ARCH = YES;
				SDKROOT = iphoneos;
				SWIFT_ACTIVE_COMPILATION_CONDITIONS = DEBUG;
				SWIFT_OPTIMIZATION_LEVEL = "-Onone";
			};
			name = Debug;
		};
		EBE54D6B2BF6BF3100D0C696 /* Release */ = {
			isa = XCBuildConfiguration;
			buildSettings = {
				ALWAYS_SEARCH_USER_PATHS = NO;
				CLANG_ANALYZER_NONNULL = YES;
				CLANG_ANALYZER_NUMBER_OBJECT_CONVERSION = YES_AGGRESSIVE;
				CLANG_CXX_LANGUAGE_STANDARD = "gnu++20";
				CLANG_ENABLE_MODULES = YES;
				CLANG_ENABLE_OBJC_ARC = YES;
				CLANG_ENABLE_OBJC_WEAK = YES;
				CLANG_WARN_BLOCK_CAPTURE_AUTORELEASING = YES;
				CLANG_WARN_BOOL_CONVERSION = YES;
				CLANG_WARN_COMMA = YES;
				CLANG_WARN_CONSTANT_CONVERSION = YES;
				CLANG_WARN_DEPRECATED_OBJC_IMPLEMENTATIONS = YES;
				CLANG_WARN_DIRECT_OBJC_ISA_USAGE = YES_ERROR;
				CLANG_WARN_DOCUMENTATION_COMMENTS = YES;
				CLANG_WARN_EMPTY_BODY = YES;
				CLANG_WARN_ENUM_CONVERSION = YES;
				CLANG_WARN_INFINITE_RECURSION = YES;
				CLANG_WARN_INT_CONVERSION = YES;
				CLANG_WARN_NON_LITERAL_NULL_CONVERSION = YES;
				CLANG_WARN_OBJC_IMPLICIT_RETAIN_SELF = YES;
				CLANG_WARN_OBJC_LITERAL_CONVERSION = YES;
				CLANG_WARN_OBJC_ROOT_CLASS = YES_ERROR;
				CLANG_WARN_QUOTED_INCLUDE_IN_FRAMEWORK_HEADER = YES;
				CLANG_WARN_RANGE_LOOP_ANALYSIS = YES;
				CLANG_WARN_STRICT_PROTOTYPES = YES;
				CLANG_WARN_SUSPICIOUS_MOVE = YES;
				CLANG_WARN_UNGUARDED_AVAILABILITY = YES_AGGRESSIVE;
				CLANG_WARN_UNREACHABLE_CODE = YES;
				CLANG_WARN__DUPLICATE_METHOD_MATCH = YES;
				COPY_PHASE_STRIP = NO;
				DEBUG_INFORMATION_FORMAT = "dwarf-with-dsym";
				ENABLE_NS_ASSERTIONS = NO;
				ENABLE_STRICT_OBJC_MSGSEND = YES;
				GCC_C_LANGUAGE_STANDARD = gnu11;
				GCC_NO_COMMON_BLOCKS = YES;
				GCC_WARN_64_TO_32_BIT_CONVERSION = YES;
				GCC_WARN_ABOUT_RETURN_TYPE = YES_ERROR;
				GCC_WARN_UNDECLARED_SELECTOR = YES;
				GCC_WARN_UNINITIALIZED_AUTOS = YES_AGGRESSIVE;
				GCC_WARN_UNUSED_FUNCTION = YES;
				GCC_WARN_UNUSED_VARIABLE = YES;
				IPHONEOS_DEPLOYMENT_TARGET = 11.0;
				MTL_ENABLE_DEBUG_INFO = NO;
				MTL_FAST_MATH = YES;
				SDKROOT = iphoneos;
				SWIFT_COMPILATION_MODE = wholemodule;
				SWIFT_OPTIMIZATION_LEVEL = "-O";
				VALIDATE_PRODUCT = YES;
			};
			name = Release;
		};
		EBE54D6D2BF6BF3100D0C696 /* Debug */ = {
			isa = XCBuildConfiguration;
			buildSettings = {
				ASSETCATALOG_COMPILER_APPICON_NAME = AppIcon;
				ASSETCATALOG_COMPILER_GLOBAL_ACCENT_COLOR_NAME = AccentColor;
				CODE_SIGN_STYLE = Automatic;
				CURRENT_PROJECT_VERSION = 1;
				DEVELOPMENT_TEAM = 373BW99HC9;
				GENERATE_INFOPLIST_FILE = YES;
				INFOPLIST_FILE = Moviedex/Info.plist;
				INFOPLIST_KEY_UIApplicationSupportsIndirectInputEvents = YES;
				INFOPLIST_KEY_UILaunchStoryboardName = LaunchScreen;
				INFOPLIST_KEY_UIMainStoryboardFile = "";
				INFOPLIST_KEY_UISupportedInterfaceOrientations_iPad = "UIInterfaceOrientationPortrait UIInterfaceOrientationPortraitUpsideDown UIInterfaceOrientationLandscapeLeft UIInterfaceOrientationLandscapeRight";
				INFOPLIST_KEY_UISupportedInterfaceOrientations_iPhone = "UIInterfaceOrientationPortrait UIInterfaceOrientationLandscapeLeft UIInterfaceOrientationLandscapeRight";
				IPHONEOS_DEPLOYMENT_TARGET = 11.0;
				LD_RUNPATH_SEARCH_PATHS = (
					"$(inherited)",
					"@executable_path/Frameworks",
				);
				MARKETING_VERSION = 1.0;
				PRODUCT_BUNDLE_IDENTIFIER = dev.farukturgut.Moviedex;
				PRODUCT_NAME = "$(TARGET_NAME)";
				SWIFT_EMIT_LOC_STRINGS = YES;
				SWIFT_VERSION = 5.0;
				TARGETED_DEVICE_FAMILY = "1,2";
			};
			name = Debug;
		};
		EBE54D6E2BF6BF3100D0C696 /* Release */ = {
			isa = XCBuildConfiguration;
			buildSettings = {
				ASSETCATALOG_COMPILER_APPICON_NAME = AppIcon;
				ASSETCATALOG_COMPILER_GLOBAL_ACCENT_COLOR_NAME = AccentColor;
				CODE_SIGN_STYLE = Automatic;
				CURRENT_PROJECT_VERSION = 1;
				DEVELOPMENT_TEAM = 373BW99HC9;
				GENERATE_INFOPLIST_FILE = YES;
				INFOPLIST_FILE = Moviedex/Info.plist;
				INFOPLIST_KEY_UIApplicationSupportsIndirectInputEvents = YES;
				INFOPLIST_KEY_UILaunchStoryboardName = LaunchScreen;
				INFOPLIST_KEY_UIMainStoryboardFile = "";
				INFOPLIST_KEY_UISupportedInterfaceOrientations_iPad = "UIInterfaceOrientationPortrait UIInterfaceOrientationPortraitUpsideDown UIInterfaceOrientationLandscapeLeft UIInterfaceOrientationLandscapeRight";
				INFOPLIST_KEY_UISupportedInterfaceOrientations_iPhone = "UIInterfaceOrientationPortrait UIInterfaceOrientationLandscapeLeft UIInterfaceOrientationLandscapeRight";
				IPHONEOS_DEPLOYMENT_TARGET = 11.0;
				LD_RUNPATH_SEARCH_PATHS = (
					"$(inherited)",
					"@executable_path/Frameworks",
				);
				MARKETING_VERSION = 1.0;
				PRODUCT_BUNDLE_IDENTIFIER = dev.farukturgut.Moviedex;
				PRODUCT_NAME = "$(TARGET_NAME)";
				SWIFT_EMIT_LOC_STRINGS = YES;
				SWIFT_VERSION = 5.0;
				TARGETED_DEVICE_FAMILY = "1,2";
			};
			name = Release;
		};
/* End XCBuildConfiguration section */

/* Begin XCConfigurationList section */
		EBE54D532BF6BF3000D0C696 /* Build configuration list for PBXProject "Moviedex" */ = {
			isa = XCConfigurationList;
			buildConfigurations = (
				EBE54D6A2BF6BF3100D0C696 /* Debug */,
				EBE54D6B2BF6BF3100D0C696 /* Release */,
			);
			defaultConfigurationIsVisible = 0;
			defaultConfigurationName = Release;
		};
		EBE54D6C2BF6BF3100D0C696 /* Build configuration list for PBXNativeTarget "Moviedex" */ = {
			isa = XCConfigurationList;
			buildConfigurations = (
				EBE54D6D2BF6BF3100D0C696 /* Debug */,
				EBE54D6E2BF6BF3100D0C696 /* Release */,
			);
			defaultConfigurationIsVisible = 0;
			defaultConfigurationName = Release;
		};
/* End XCConfigurationList section */

/* Begin XCRemoteSwiftPackageReference section */
		EBE54D6F2BF6BFCE00D0C696 /* XCRemoteSwiftPackageReference "SnapKit" */ = {
			isa = XCRemoteSwiftPackageReference;
			repositoryURL = "https://github.com/SnapKit/SnapKit";
			requirement = {
				kind = upToNextMinorVersion;
				minimumVersion = 5.6.0;
			};
		};
/* End XCRemoteSwiftPackageReference section */

/* Begin XCSwiftPackageProductDependency section */
		EBE54D702BF6BFCE00D0C696 /* SnapKit */ = {
			isa = XCSwiftPackageProductDependency;
			package = EBE54D6F2BF6BFCE00D0C696 /* XCRemoteSwiftPackageReference "SnapKit" */;
			productName = SnapKit;
		};
/* End XCSwiftPackageProductDependency section */
	};
	rootObject = EBE54D502BF6BF3000D0C696 /* Project object */;
}
